
Microsoft Visual Studio Solution File, Format Version 11.00
# Visual Studio 2010
Project("{FAE04EC0-301F-11D3-BF4B-00C04F79EFBC}") = "MediaLizer", "MediaLizer\MediaLizer.csproj", "{EE7CEA81-AB12-461C-8293-933B0E36ADDC}"
EndProject
Global
	GlobalSection(SolutionConfigurationPlatforms) = preSolution
		Debug|x86 = Debug|x86
		Release|x86 = Release|x86
	EndGlobalSection
	GlobalSection(ProjectConfigurationPlatforms) = postSolution
		{EE7CEA81-AB12-461C-8293-933B0E36ADDC}.Debug|x86.ActiveCfg = Debug|x86
		{EE7CEA81-AB12-461C-8293-933B0E36ADDC}.Debug|x86.Build.0 = Debug|x86
		{EE7CEA81-AB12-461C-8293-933B0E36ADDC}.Release|x86.ActiveCfg = Release|x86
		{EE7CEA81-AB12-461C-8293-933B0E36ADDC}.Release|x86.Build.0 = Release|x86
	EndGlobalSection
	GlobalSection(MonoDevelopProperties) = preSolution
		StartupItem = MediaLizer\MediaLizer.csproj
		Policies = $0
		$0.TextStylePolicy = $1
		$1.inheritsSet = VisualStudio
		$1.inheritsScope = text/plain
		$1.scope = text/x-csharp
		$0.CSharpFormattingPolicy = $2
		$2.IndentSwitchBody = True
		$2.AnonymousMethodBraceStyle = NextLine
		$2.PropertyBraceStyle = NextLine
		$2.PropertyGetBraceStyle = NextLine
		$2.PropertySetBraceStyle = NextLine
		$2.EventBraceStyle = NextLine
		$2.EventAddBraceStyle = NextLine
		$2.EventRemoveBraceStyle = NextLine
		$2.StatementBraceStyle = NextLine
		$2.ArrayInitializerBraceStyle = NextLine
		$2.BeforeMethodDeclarationParentheses = False
		$2.BeforeMethodCallParentheses = False
		$2.BeforeConstructorDeclarationParentheses = False
		$2.BeforeDelegateDeclarationParentheses = False
		$2.NewParentheses = False
		$2.inheritsSet = Mono
		$2.inheritsScope = text/x-csharp
		$2.scope = text/x-csharp
		$0.NameConventionPolicy = $3
		$3.Rules = $4
		$4.NamingRule = $5
		$5.Name = Namespaces
		$5.AffectedEntity = Namespace
		$5.VisibilityMask = VisibilityMask
		$5.NamingStyle = PascalCase
		$5.IncludeInstanceMembers = True
		$5.IncludeStaticEntities = True
		$4.NamingRule = $6
		$6.Name = Types
		$6.AllowedPrefixes = $7
		$7.String = _
		$6.AffectedEntity = Class, Struct, Enum, Delegate
		$6.VisibilityMask = VisibilityMask
		$6.NamingStyle = PascalCase
		$6.IncludeInstanceMembers = True
		$6.IncludeStaticEntities = True
		$4.NamingRule = $8
		$8.Name = Interfaces
		$8.RequiredPrefixes = $9
		$9.String = I
		$8.AffectedEntity = Interface
		$8.VisibilityMask = VisibilityMask
		$8.NamingStyle = PascalCase
		$8.IncludeInstanceMembers = True
		$8.IncludeStaticEntities = True
		$4.NamingRule = $10
		$10.Name = Attributes
		$10.AllowedPrefixes = $11
		$11.String = _
		$10.AffectedEntity = CustomAttributes
		$10.VisibilityMask = VisibilityMask
		$10.NamingStyle = PascalCase
		$10.IncludeInstanceMembers = True
		$10.IncludeStaticEntities = True
		$4.NamingRule = $12
		$12.Name = Event Arguments
		$12.RequiredSuffixes = $13
		$13.String = EventArgs
		$12.AffectedEntity = CustomEventArgs
		$12.VisibilityMask = VisibilityMask
		$12.NamingStyle = PascalCase
		$12.IncludeInstanceMembers = True
		$12.IncludeStaticEntities = True
		$4.NamingRule = $14
		$14.Name = Exceptions
		$14.RequiredSuffixes = $15
		$15.String = Exception
		$14.AffectedEntity = CustomExceptions
		$14.VisibilityMask = VisibilityMask
		$14.NamingStyle = PascalCase
		$14.IncludeInstanceMembers = True
		$14.IncludeStaticEntities = True
		$4.NamingRule = $16
		$16.Name = Methods
		$16.AllowedPrefixes = $17
		$17.String = _
		$16.AffectedEntity = Methods
		$16.VisibilityMask = VisibilityMask
		$16.NamingStyle = PascalCase
		$16.IncludeInstanceMembers = True
		$16.IncludeStaticEntities = True
		$4.NamingRule = $18
		$18.Name = Static Readonly Fields
		$18.AllowedPrefixes = $19
		$19.String = _
		$18.AffectedEntity = ReadonlyField
		$18.VisibilityMask = Internal, Protected, Public
		$18.NamingStyle = PascalCase
		$18.IncludeInstanceMembers = False
		$18.IncludeStaticEntities = True
		$4.NamingRule = $20
		$20.Name = Fields (Non Private)
		$20.AllowedPrefixes = $21
		$21.String = _
		$20.AffectedEntity = Field
		$20.VisibilityMask = Internal, Protected, Public
		$20.NamingStyle = PascalCase
		$20.IncludeInstanceMembers = True
		$20.IncludeStaticEntities = True
		$4.NamingRule = $22
		$22.Name = ReadOnly Fields (Non Private)
		$22.AllowedPrefixes = $23
		$23.String = _
		$22.AffectedEntity = ReadonlyField
		$22.VisibilityMask = Internal, Protected, Public
		$22.NamingStyle = PascalCase
		$22.IncludeInstanceMembers = True
		$22.IncludeStaticEntities = False
		$4.NamingRule = $24
		$24.Name = Fields (Private)
		$24.AllowedPrefixes = $25
		$25.String = _
		$25.String = m_
		$24.AffectedEntity = Field, ReadonlyField
		$24.VisibilityMask = Private
		$24.NamingStyle = CamelCase
		$24.IncludeInstanceMembers = True
		$24.IncludeStaticEntities = False
		$4.NamingRule = $26
		$26.Name = Static Fields (Private)
		$26.AllowedPrefixes = $27
		$27.String = _
		$26.AffectedEntity = Field
		$26.VisibilityMask = Private
		$26.NamingStyle = CamelCase
		$26.IncludeInstanceMembers = False
		$26.IncludeStaticEntities = True
		$4.NamingRule = $28
		$28.Name = ReadOnly Fields (Private)
		$28.AllowedPrefixes = $29
		$29.String = _
		$29.String = m_
		$28.AffectedEntity = ReadonlyField
		$28.VisibilityMask = Private
		$28.NamingStyle = CamelCase
		$28.IncludeInstanceMembers = True
		$28.IncludeStaticEntities = False
		$4.NamingRule = $30
		$30.Name = Constant Fields
		$30.AllowedPrefixes = $31
		$31.String = _
		$30.AffectedEntity = ConstantField
		$30.VisibilityMask = VisibilityMask
		$30.NamingStyle = PascalCase
		$30.IncludeInstanceMembers = True
		$30.IncludeStaticEntities = True
		$4.NamingRule = $32
		$32.Name = Events
		$32.AffectedEntity = Event
		$32.VisibilityMask = VisibilityMask
		$32.NamingStyle = PascalCase
		$32.IncludeInstanceMembers = True
		$32.IncludeStaticEntities = True
		$4.NamingRule = $33
		$33.Name = Enum Members
		$33.AffectedEntity = EnumMember
		$33.VisibilityMask = VisibilityMask
		$33.NamingStyle = PascalCase
		$33.IncludeInstanceMembers = True
		$33.IncludeStaticEntities = True
		$4.NamingRule = $34
		$34.Name = Parameters
		$34.AllowedPrefixes = $35
		$35.String = _
		$34.AffectedEntity = Parameter
		$34.VisibilityMask = VisibilityMask
		$34.NamingStyle = CamelCase
		$34.IncludeInstanceMembers = True
		$34.IncludeStaticEntities = True
		$4.NamingRule = $36
		$36.Name = Type Parameters
		$36.RequiredPrefixes = $37
		$37.String = T
		$36.AffectedEntity = TypeParameter
		$36.VisibilityMask = VisibilityMask
		$36.NamingStyle = PascalCase
		$36.IncludeInstanceMembers = True
		$36.IncludeStaticEntities = True
		$4.NamingRule = $38
		$38.Name = Properties
		$38.AllowedPrefixes = $39
		$39.String = _
		$38.AffectedEntity = Property
		$38.VisibilityMask = VisibilityMask
		$38.NamingStyle = PascalCase
		$38.IncludeInstanceMembers = True
		$38.IncludeStaticEntities = True
		$0.DotNetNamingPolicy = $40
		$40.DirectoryNamespaceAssociation = Flat
		$40.ResourceNamePolicy = MSBuild
	EndGlobalSection
EndGlobal
